
Microsoft Visual Studio Solution File, Format Version 12.00
# Visual Studio Version 16
VisualStudioVersion = 16.0.30711.63
MinimumVisualStudioVersion = 10.0.40219.1
Project("{FAE04EC0-301F-11D3-BF4B-00C04F79EFBC}") = "RoslyJump", "RoslyJump\RoslyJump.csproj", "{35C27797-B985-43C3-939F-634F32F7CC84}"
EndProject
Project("{9A19103F-16F7-4668-BE54-9A1E7A4F7556}") = "dngrep.core", "dngrep\dngrep.core\dngrep.core.csproj", "{B72AD0EF-37A8-435E-B9CC-84B746979625}"
EndProject
Project("{FAE04EC0-301F-11D3-BF4B-00C04F79EFBC}") = "RoslyJump.Core", "RoslyJump.Core\RoslyJump.Core.csproj", "{7B9360A0-5CF6-4001-A589-24DAE1A374DD}"
EndProject
Project("{FAE04EC0-301F-11D3-BF4B-00C04F79EFBC}") = "RoslyJump.Core.xUnit", "RoslyJump.Core.xUnit\RoslyJump.Core.xUnit.csproj", "{0B451A95-3D87-47EB-905F-3AB9ADDA3EBD}"
EndProject
Project("{9A19103F-16F7-4668-BE54-9A1E7A4F7556}") = "dngrep.core.xunit", "dngrep\dngrep.core.xunit\dngrep.core.xunit.csproj", "{2ED75920-B042-4240-AD94-0F7296C9B1DF}"
EndProject
Global
	GlobalSection(SolutionConfigurationPlatforms) = preSolution
		Debug|Any CPU = Debug|Any CPU
		Release|Any CPU = Release|Any CPU
	EndGlobalSection
	GlobalSection(ProjectConfigurationPlatforms) = postSolution
		{35C27797-B985-43C3-939F-634F32F7CC84}.Debug|Any CPU.ActiveCfg = Debug|Any CPU
		{35C27797-B985-43C3-939F-634F32F7CC84}.Debug|Any CPU.Build.0 = Debug|Any CPU
		{35C27797-B985-43C3-939F-634F32F7CC84}.Release|Any CPU.ActiveCfg = Release|Any CPU
		{35C27797-B985-43C3-939F-634F32F7CC84}.Release|Any CPU.Build.0 = Release|Any CPU
		{B72AD0EF-37A8-435E-B9CC-84B746979625}.Debug|Any CPU.ActiveCfg = Debug|Any CPU
		{B72AD0EF-37A8-435E-B9CC-84B746979625}.Debug|Any CPU.Build.0 = Debug|Any CPU
		{B72AD0EF-37A8-435E-B9CC-84B746979625}.Release|Any CPU.ActiveCfg = Release|Any CPU
		{B72AD0EF-37A8-435E-B9CC-84B746979625}.Release|Any CPU.Build.0 = Release|Any CPU
		{7B9360A0-5CF6-4001-A589-24DAE1A374DD}.Debug|Any CPU.ActiveCfg = Debug|Any CPU
		{7B9360A0-5CF6-4001-A589-24DAE1A374DD}.Debug|Any CPU.Build.0 = Debug|Any CPU
		{7B9360A0-5CF6-4001-A589-24DAE1A374DD}.Release|Any CPU.ActiveCfg = Release|Any CPU
		{7B9360A0-5CF6-4001-A589-24DAE1A374DD}.Release|Any CPU.Build.0 = Release|Any CPU
		{0B451A95-3D87-47EB-905F-3AB9ADDA3EBD}.Debug|Any CPU.ActiveCfg = Debug|Any CPU
		{0B451A95-3D87-47EB-905F-3AB9ADDA3EBD}.Debug|Any CPU.Build.0 = Debug|Any CPU
		{0B451A95-3D87-47EB-905F-3AB9ADDA3EBD}.Release|Any CPU.ActiveCfg = Release|Any CPU
		{0B451A95-3D87-47EB-905F-3AB9ADDA3EBD}.Release|Any CPU.Build.0 = Release|Any CPU
		{2ED75920-B042-4240-AD94-0F7296C9B1DF}.Debug|Any CPU.ActiveCfg = Debug|Any CPU
		{2ED75920-B042-4240-AD94-0F7296C9B1DF}.Debug|Any CPU.Build.0 = Debug|Any CPU
		{2ED75920-B042-4240-AD94-0F7296C9B1DF}.Release|Any CPU.ActiveCfg = Release|Any CPU
		{2ED75920-B042-4240-AD94-0F7296C9B1DF}.Release|Any CPU.Build.0 = Release|Any CPU
	EndGlobalSection
	GlobalSection(SolutionProperties) = preSolution
		HideSolutionNode = FALSE
	EndGlobalSection
	GlobalSection(ExtensibilityGlobals) = postSolution
		SolutionGuid = {0CD523F5-FD3B-47EF-9105-DD4D7C298A06}
	EndGlobalSection
EndGlobal
